// !$*UTF8*$!
{
	archiveVersion = 1;
	classes = {
	};
	objectVersion = 46;
	objects = {

/* Begin PBXBuildFile section */
		94000DD11607551100E432DD /* BufferSheetBackground.m in Sources */ = {isa = PBXBuildFile; fileRef = 94000DD01607551100E432DD /* BufferSheetBackground.m */; };
		94000DD816076DF900E432DD /* BufferSheetButton.m in Sources */ = {isa = PBXBuildFile; fileRef = 94000DD716076DF900E432DD /* BufferSheetButton.m */; };
		94000DDF160770E200E432DD /* BufferSheetLogo.png in Resources */ = {isa = PBXBuildFile; fileRef = 94000DDD160770E200E432DD /* BufferSheetLogo.png */; };
		94000DE0160770E200E432DD /* BufferSheetLogo@2x.png in Resources */ = {isa = PBXBuildFile; fileRef = 94000DDE160770E200E432DD /* BufferSheetLogo@2x.png */; };
		94000DE31607717B00E432DD /* BufferSheetButton.png in Resources */ = {isa = PBXBuildFile; fileRef = 94000DE11607717B00E432DD /* BufferSheetButton.png */; };
		94000DE41607717B00E432DD /* BufferSheetButton@2x.png in Resources */ = {isa = PBXBuildFile; fileRef = 94000DE21607717B00E432DD /* BufferSheetButton@2x.png */; };
		94000DE71607738400E432DD /* BufferSheetBackground.png in Resources */ = {isa = PBXBuildFile; fileRef = 94000DE51607738400E432DD /* BufferSheetBackground.png */; };
		94000DE81607738400E432DD /* BufferSheetBackground@2x.png in Resources */ = {isa = PBXBuildFile; fileRef = 94000DE61607738400E432DD /* BufferSheetBackground@2x.png */; };
		94000DEB1607978F00E432DD /* BufferSheetLine@2x.png in Resources */ = {isa = PBXBuildFile; fileRef = 94000DE91607978F00E432DD /* BufferSheetLine@2x.png */; };
		94000DEC1607978F00E432DD /* BufferSheetLine.png in Resources */ = {isa = PBXBuildFile; fileRef = 94000DEA1607978F00E432DD /* BufferSheetLine.png */; };
		94000DF11607990F00E432DD /* BufferAvatarShadow.m in Sources */ = {isa = PBXBuildFile; fileRef = 94000DF01607990F00E432DD /* BufferAvatarShadow.m */; };
		94000DF41607997300E432DD /* BufferAvatarView.m in Sources */ = {isa = PBXBuildFile; fileRef = 94000DF31607997300E432DD /* BufferAvatarView.m */; };
		94000E011608605800E432DD /* BufferSheetTextView.m in Sources */ = {isa = PBXBuildFile; fileRef = 94000E001608605700E432DD /* BufferSheetTextView.m */; };
		940E1BDC163E8D570073A563 /* BufferSheetProfileCount.m in Sources */ = {isa = PBXBuildFile; fileRef = 940E1BDB163E8D570073A563 /* BufferSheetProfileCount.m */; };
		940E1BE0163E8E2F0073A563 /* BufferProfileCountBG.png in Resources */ = {isa = PBXBuildFile; fileRef = 940E1BDE163E8E2F0073A563 /* BufferProfileCountBG.png */; };
		940E1BE1163E8E2F0073A563 /* BufferProfileCountBG@2x.png in Resources */ = {isa = PBXBuildFile; fileRef = 940E1BDF163E8E2F0073A563 /* BufferProfileCountBG@2x.png */; };
		9433560616355C2A00017BCE /* ShortenLinkService.m in Sources */ = {isa = PBXBuildFile; fileRef = 9433560516355C2A00017BCE /* ShortenLinkService.m */; };
		943F0DB41622F7F60039C224 /* ConfigurationService.m in Sources */ = {isa = PBXBuildFile; fileRef = 943F0DB31622F7F60039C224 /* ConfigurationService.m */; };
		94457776158A908A004C3B2E /* UIKit.framework in Frameworks */ = {isa = PBXBuildFile; fileRef = 94457775158A908A004C3B2E /* UIKit.framework */; };
		94457778158A908A004C3B2E /* Foundation.framework in Frameworks */ = {isa = PBXBuildFile; fileRef = 94457777158A908A004C3B2E /* Foundation.framework */; };
		9445777A158A908A004C3B2E /* CoreGraphics.framework in Frameworks */ = {isa = PBXBuildFile; fileRef = 94457779158A908A004C3B2E /* CoreGraphics.framework */; };
		94457780158A908A004C3B2E /* InfoPlist.strings in Resources */ = {isa = PBXBuildFile; fileRef = 9445777E158A908A004C3B2E /* InfoPlist.strings */; };
		94457782158A908A004C3B2E /* main.m in Sources */ = {isa = PBXBuildFile; fileRef = 94457781158A908A004C3B2E /* main.m */; };
		94457786158A908A004C3B2E /* AppDelegate.m in Sources */ = {isa = PBXBuildFile; fileRef = 94457785158A908A004C3B2E /* AppDelegate.m */; };
		94457789158A908A004C3B2E /* FirstViewController.m in Sources */ = {isa = PBXBuildFile; fileRef = 94457788158A908A004C3B2E /* FirstViewController.m */; };
		9445778B158A908A004C3B2E /* first.png in Resources */ = {isa = PBXBuildFile; fileRef = 9445778A158A908A004C3B2E /* first.png */; };
		9445778D158A908A004C3B2E /* first@2x.png in Resources */ = {isa = PBXBuildFile; fileRef = 9445778C158A908A004C3B2E /* first@2x.png */; };
		94457790158A908A004C3B2E /* SecondViewController.m in Sources */ = {isa = PBXBuildFile; fileRef = 9445778F158A908A004C3B2E /* SecondViewController.m */; };
		94457792158A908A004C3B2E /* second.png in Resources */ = {isa = PBXBuildFile; fileRef = 94457791158A908A004C3B2E /* second.png */; };
		94457794158A908A004C3B2E /* second@2x.png in Resources */ = {isa = PBXBuildFile; fileRef = 94457793158A908A004C3B2E /* second@2x.png */; };
		94457797158A908A004C3B2E /* FirstViewController_iPhone.xib in Resources */ = {isa = PBXBuildFile; fileRef = 94457795158A908A004C3B2E /* FirstViewController_iPhone.xib */; };
		9445779A158A908A004C3B2E /* FirstViewController_iPad.xib in Resources */ = {isa = PBXBuildFile; fileRef = 94457798158A908A004C3B2E /* FirstViewController_iPad.xib */; };
		9445779D158A908A004C3B2E /* SecondViewController_iPhone.xib in Resources */ = {isa = PBXBuildFile; fileRef = 9445779B158A908A004C3B2E /* SecondViewController_iPhone.xib */; };
		944577A0158A908A004C3B2E /* SecondViewController_iPad.xib in Resources */ = {isa = PBXBuildFile; fileRef = 9445779E158A908A004C3B2E /* SecondViewController_iPad.xib */; };
		944577A9158A949A004C3B2E /* BufferUIActivity.m in Sources */ = {isa = PBXBuildFile; fileRef = 944577A8158A949A004C3B2E /* BufferUIActivity.m */; };
		944577AE158A96DD004C3B2E /* BufferIcon.png in Resources */ = {isa = PBXBuildFile; fileRef = 944577AC158A96DD004C3B2E /* BufferIcon.png */; };
		944577B4158AB178004C3B2E /* BufferSheetViewController.m in Sources */ = {isa = PBXBuildFile; fileRef = 944577B2158AB178004C3B2E /* BufferSheetViewController.m */; };
		944577B5158AB178004C3B2E /* BufferSheetViewController.xib in Resources */ = {isa = PBXBuildFile; fileRef = 944577B3158AB178004C3B2E /* BufferSheetViewController.xib */; };
		94457977158AB52D004C3B2E /* BufferAPIPostClient.m in Sources */ = {isa = PBXBuildFile; fileRef = 94457970158AB371004C3B2E /* BufferAPIPostClient.m */; };
		94457978158AB531004C3B2E /* BufferAPIClient.m in Sources */ = {isa = PBXBuildFile; fileRef = 9445796E158AB367004C3B2E /* BufferAPIClient.m */; };
		94457979158AB533004C3B2E /* ProfilesService.m in Sources */ = {isa = PBXBuildFile; fileRef = 94457968158AB32B004C3B2E /* ProfilesService.m */; };
		9445797A158AB535004C3B2E /* PostUpdateService.m in Sources */ = {isa = PBXBuildFile; fileRef = 9445796B158AB345004C3B2E /* PostUpdateService.m */; };
		9445798E158AB600004C3B2E /* NSString+Encode.m in Sources */ = {isa = PBXBuildFile; fileRef = 94457989158AB5E7004C3B2E /* NSString+Encode.m */; settings = {COMPILER_FLAGS = "-fno-objc-arc"; }; };
		9478851715FC8E9B00F360D9 /* ProfileCell.m in Sources */ = {isa = PBXBuildFile; fileRef = 9478851415FC8E9B00F360D9 /* ProfileCell.m */; };
		9478851815FC8E9B00F360D9 /* ProfileCellView.m in Sources */ = {isa = PBXBuildFile; fileRef = 9478851615FC8E9B00F360D9 /* ProfileCellView.m */; };
		9478851E15FCA42D00F360D9 /* CachingMethods.m in Sources */ = {isa = PBXBuildFile; fileRef = 9478851D15FCA42D00F360D9 /* CachingMethods.m */; };
		9478852015FCCF2800F360D9 /* BufferIcon@2x.png in Resources */ = {isa = PBXBuildFile; fileRef = 9478851F15FCCF2600F360D9 /* BufferIcon@2x.png */; };
		9478852315FCD60600F360D9 /* toolbar-profiles.png in Resources */ = {isa = PBXBuildFile; fileRef = 9478852115FCD60500F360D9 /* toolbar-profiles.png */; };
		9478852415FCD60600F360D9 /* toolbar-profiles@2x.png in Resources */ = {isa = PBXBuildFile; fileRef = 9478852215FCD60500F360D9 /* toolbar-profiles@2x.png */; };
		9478855F15FF269800F360D9 /* GTMOAuth2Authentication.m in Sources */ = {isa = PBXBuildFile; fileRef = 9478855C15FF269800F360D9 /* GTMOAuth2Authentication.m */; settings = {COMPILER_FLAGS = "-fno-objc-arc"; }; };
		9478856015FF269800F360D9 /* GTMOAuth2SignIn.m in Sources */ = {isa = PBXBuildFile; fileRef = 9478855E15FF269800F360D9 /* GTMOAuth2SignIn.m */; settings = {COMPILER_FLAGS = "-fno-objc-arc"; }; };
		9478856415FF26A400F360D9 /* GTMOAuth2ViewControllerTouch.m in Sources */ = {isa = PBXBuildFile; fileRef = 9478856215FF26A400F360D9 /* GTMOAuth2ViewControllerTouch.m */; settings = {COMPILER_FLAGS = "-fno-objc-arc"; }; };
		9478856515FF26A400F360D9 /* GTMOAuth2ViewTouch.xib in Resources */ = {isa = PBXBuildFile; fileRef = 9478856315FF26A400F360D9 /* GTMOAuth2ViewTouch.xib */; };
		9478857015FF282A00F360D9 /* GTMHTTPFetcher.m in Sources */ = {isa = PBXBuildFile; fileRef = 9478856B15FF282A00F360D9 /* GTMHTTPFetcher.m */; settings = {COMPILER_FLAGS = "-fno-objc-arc"; }; };
		9478857115FF282A00F360D9 /* GTMHTTPFetchHistory.m in Sources */ = {isa = PBXBuildFile; fileRef = 9478856D15FF282A00F360D9 /* GTMHTTPFetchHistory.m */; settings = {COMPILER_FLAGS = "-fno-objc-arc"; }; };
		9478857215FF282A00F360D9 /* GTMHTTPFetcherLogging.m in Sources */ = {isa = PBXBuildFile; fileRef = 9478856F15FF282A00F360D9 /* GTMHTTPFetcherLogging.m */; settings = {COMPILER_FLAGS = "-fno-objc-arc"; }; };
		9478857415FF289400F360D9 /* SystemConfiguration.framework in Frameworks */ = {isa = PBXBuildFile; fileRef = 9478857315FF289400F360D9 /* SystemConfiguration.framework */; };
		9478857615FF28A100F360D9 /* Security.framework in Frameworks */ = {isa = PBXBuildFile; fileRef = 9478857515FF28A100F360D9 /* Security.framework */; };
		947AF0AA15E67888009466EB /* appdotnet-icon.png in Resources */ = {isa = PBXBuildFile; fileRef = 947AF0A215E67888009466EB /* appdotnet-icon.png */; };
		947AF0AB15E67888009466EB /* appdotnet-icon@2x.png in Resources */ = {isa = PBXBuildFile; fileRef = 947AF0A315E67888009466EB /* appdotnet-icon@2x.png */; };
		947AF0AC15E67888009466EB /* facebook-icon.png in Resources */ = {isa = PBXBuildFile; fileRef = 947AF0A415E67888009466EB /* facebook-icon.png */; };
		947AF0AD15E67888009466EB /* facebook-icon@2x.png in Resources */ = {isa = PBXBuildFile; fileRef = 947AF0A515E67888009466EB /* facebook-icon@2x.png */; };
		947AF0AE15E67888009466EB /* linkedin-icon.png in Resources */ = {isa = PBXBuildFile; fileRef = 947AF0A615E67888009466EB /* linkedin-icon.png */; };
		947AF0AF15E67888009466EB /* linkedin-icon@2x.png in Resources */ = {isa = PBXBuildFile; fileRef = 947AF0A715E67888009466EB /* linkedin-icon@2x.png */; };
		947AF0B015E67888009466EB /* twitter-icon.png in Resources */ = {isa = PBXBuildFile; fileRef = 947AF0A815E67888009466EB /* twitter-icon.png */; };
		947AF0B115E67888009466EB /* twitter-icon@2x.png in Resources */ = {isa = PBXBuildFile; fileRef = 947AF0A915E67888009466EB /* twitter-icon@2x.png */; };
		94B496CC1608BED1002B19D5 /* profileCheckmark.png in Resources */ = {isa = PBXBuildFile; fileRef = 94B496CA1608BED1002B19D5 /* profileCheckmark.png */; };
		94B496CD1608BED1002B19D5 /* profileCheckmark@2x.png in Resources */ = {isa = PBXBuildFile; fileRef = 94B496CB1608BED1002B19D5 /* profileCheckmark@2x.png */; };
		94B496D11608C197002B19D5 /* BufferSheetProfileSelectionGradient.png in Resources */ = {isa = PBXBuildFile; fileRef = 94B496CF1608C197002B19D5 /* BufferSheetProfileSelectionGradient.png */; };
		94B496D21608C197002B19D5 /* BufferSheetProfileSelectionGradient@2x.png in Resources */ = {isa = PBXBuildFile; fileRef = 94B496D01608C197002B19D5 /* BufferSheetProfileSelectionGradient@2x.png */; };
		94B496D516090E88002B19D5 /* BufferSheetButtonSelected@2x.png in Resources */ = {isa = PBXBuildFile; fileRef = 94B496D316090E88002B19D5 /* BufferSheetButtonSelected@2x.png */; };
		94B496D616090E88002B19D5 /* BufferSheetButtonSelected.png in Resources */ = {isa = PBXBuildFile; fileRef = 94B496D416090E88002B19D5 /* BufferSheetButtonSelected.png */; };
		94B496DB1609DD30002B19D5 /* BufferSheetGreenButtonSelected@2x.png in Resources */ = {isa = PBXBuildFile; fileRef = 94B496D71609DD2D002B19D5 /* BufferSheetGreenButtonSelected@2x.png */; };
		94B496DC1609DD30002B19D5 /* BufferSheetGreenButton@2x.png in Resources */ = {isa = PBXBuildFile; fileRef = 94B496D81609DD2E002B19D5 /* BufferSheetGreenButton@2x.png */; };
		94B496DD1609DD30002B19D5 /* BufferSheetGreenButtonSelected.png in Resources */ = {isa = PBXBuildFile; fileRef = 94B496D91609DD2F002B19D5 /* BufferSheetGreenButtonSelected.png */; };
		94B496DE1609DD30002B19D5 /* BufferSheetGreenButton.png in Resources */ = {isa = PBXBuildFile; fileRef = 94B496DA1609DD2F002B19D5 /* BufferSheetGreenButton.png */; };
		94B496E01609E04E002B19D5 /* Default-568h@2x.png in Resources */ = {isa = PBXBuildFile; fileRef = 94B496DF1609E04E002B19D5 /* Default-568h@2x.png */; };
		94B496EC1609F2A1002B19D5 /* BufferSheetErrorBackground.m in Sources */ = {isa = PBXBuildFile; fileRef = 94B496EB1609F2A1002B19D5 /* BufferSheetErrorBackground.m */; };
		94B49702160A0A25002B19D5 /* AFHTTPClient.m in Sources */ = {isa = PBXBuildFile; fileRef = 94B496EE160A0A25002B19D5 /* AFHTTPClient.m */; settings = {COMPILER_FLAGS = "-fno-objc-arc"; }; };
		94B49703160A0A25002B19D5 /* AFHTTPRequestOperation.m in Sources */ = {isa = PBXBuildFile; fileRef = 94B496F0160A0A25002B19D5 /* AFHTTPRequestOperation.m */; settings = {COMPILER_FLAGS = "-fno-objc-arc"; }; };
		94B49704160A0A25002B19D5 /* AFImageRequestOperation.m in Sources */ = {isa = PBXBuildFile; fileRef = 94B496F2160A0A25002B19D5 /* AFImageRequestOperation.m */; settings = {COMPILER_FLAGS = "-fno-objc-arc"; }; };
		94B49705160A0A25002B19D5 /* AFJSONRequestOperation.m in Sources */ = {isa = PBXBuildFile; fileRef = 94B496F4160A0A25002B19D5 /* AFJSONRequestOperation.m */; settings = {COMPILER_FLAGS = "-fno-objc-arc"; }; };
		94B49706160A0A25002B19D5 /* AFJSONUtilities.m in Sources */ = {isa = PBXBuildFile; fileRef = 94B496F6160A0A25002B19D5 /* AFJSONUtilities.m */; settings = {COMPILER_FLAGS = "-fno-objc-arc"; }; };
		94B49707160A0A25002B19D5 /* AFNetworkActivityIndicatorManager.m in Sources */ = {isa = PBXBuildFile; fileRef = 94B496F8160A0A25002B19D5 /* AFNetworkActivityIndicatorManager.m */; settings = {COMPILER_FLAGS = "-fno-objc-arc"; }; };
		94B49708160A0A25002B19D5 /* AFPropertyListRequestOperation.m in Sources */ = {isa = PBXBuildFile; fileRef = 94B496FB160A0A25002B19D5 /* AFPropertyListRequestOperation.m */; settings = {COMPILER_FLAGS = "-fno-objc-arc"; }; };
		94B49709160A0A25002B19D5 /* AFURLConnectionOperation.m in Sources */ = {isa = PBXBuildFile; fileRef = 94B496FD160A0A25002B19D5 /* AFURLConnectionOperation.m */; settings = {COMPILER_FLAGS = "-fno-objc-arc"; }; };
		94B4970A160A0A25002B19D5 /* AFXMLRequestOperation.m in Sources */ = {isa = PBXBuildFile; fileRef = 94B496FF160A0A25002B19D5 /* AFXMLRequestOperation.m */; settings = {COMPILER_FLAGS = "-fno-objc-arc"; }; };
		94B4970B160A0A25002B19D5 /* UIImageView+AFNetworking.m in Sources */ = {isa = PBXBuildFile; fileRef = 94B49701160A0A25002B19D5 /* UIImageView+AFNetworking.m */; settings = {COMPILER_FLAGS = "-fno-objc-arc"; }; };
		94EEE1D915C7F7FA00EF1AEC /* TwitterTextEntity.m in Sources */ = {isa = PBXBuildFile; fileRef = 94EEE1D615C7F7FA00EF1AEC /* TwitterTextEntity.m */; };
		94EEE1DA15C7F7FA00EF1AEC /* TwitterText.m in Sources */ = {isa = PBXBuildFile; fileRef = 94EEE1D715C7F7FA00EF1AEC /* TwitterText.m */; };
/* End PBXBuildFile section */

/* Begin PBXFileReference section */
		94000DCF1607551100E432DD /* BufferSheetBackground.h */ = {isa = PBXFileReference; fileEncoding = 4; lastKnownFileType = sourcecode.c.h; path = BufferSheetBackground.h; sourceTree = "<group>"; };
		94000DD01607551100E432DD /* BufferSheetBackground.m */ = {isa = PBXFileReference; fileEncoding = 4; lastKnownFileType = sourcecode.c.objc; path = BufferSheetBackground.m; sourceTree = "<group>"; };
		94000DD616076DF900E432DD /* BufferSheetButton.h */ = {isa = PBXFileReference; fileEncoding = 4; lastKnownFileType = sourcecode.c.h; path = BufferSheetButton.h; sourceTree = "<group>"; };
		94000DD716076DF900E432DD /* BufferSheetButton.m */ = {isa = PBXFileReference; fileEncoding = 4; lastKnownFileType = sourcecode.c.objc; path = BufferSheetButton.m; sourceTree = "<group>"; };
		94000DDD160770E200E432DD /* BufferSheetLogo.png */ = {isa = PBXFileReference; lastKnownFileType = image.png; name = BufferSheetLogo.png; path = ../Elements/BufferSheetLogo.png; sourceTree = "<group>"; };
		94000DDE160770E200E432DD /* BufferSheetLogo@2x.png */ = {isa = PBXFileReference; lastKnownFileType = image.png; name = "BufferSheetLogo@2x.png"; path = "../Elements/BufferSheetLogo@2x.png"; sourceTree = "<group>"; };
		94000DE11607717B00E432DD /* BufferSheetButton.png */ = {isa = PBXFileReference; lastKnownFileType = image.png; name = BufferSheetButton.png; path = ../Elements/BufferSheetButton.png; sourceTree = "<group>"; };
		94000DE21607717B00E432DD /* BufferSheetButton@2x.png */ = {isa = PBXFileReference; lastKnownFileType = image.png; name = "BufferSheetButton@2x.png"; path = "../Elements/BufferSheetButton@2x.png"; sourceTree = "<group>"; };
		94000DE51607738400E432DD /* BufferSheetBackground.png */ = {isa = PBXFileReference; lastKnownFileType = image.png; name = BufferSheetBackground.png; path = ../Elements/BufferSheetBackground.png; sourceTree = "<group>"; };
		94000DE61607738400E432DD /* BufferSheetBackground@2x.png */ = {isa = PBXFileReference; lastKnownFileType = image.png; name = "BufferSheetBackground@2x.png"; path = "../Elements/BufferSheetBackground@2x.png"; sourceTree = "<group>"; };
		94000DE91607978F00E432DD /* BufferSheetLine@2x.png */ = {isa = PBXFileReference; lastKnownFileType = image.png; name = "BufferSheetLine@2x.png"; path = "../Elements/BufferSheetLine@2x.png"; sourceTree = "<group>"; };
		94000DEA1607978F00E432DD /* BufferSheetLine.png */ = {isa = PBXFileReference; lastKnownFileType = image.png; name = BufferSheetLine.png; path = ../Elements/BufferSheetLine.png; sourceTree = "<group>"; };
		94000DEF1607990F00E432DD /* BufferAvatarShadow.h */ = {isa = PBXFileReference; fileEncoding = 4; lastKnownFileType = sourcecode.c.h; path = BufferAvatarShadow.h; sourceTree = "<group>"; };
		94000DF01607990F00E432DD /* BufferAvatarShadow.m */ = {isa = PBXFileReference; fileEncoding = 4; lastKnownFileType = sourcecode.c.objc; path = BufferAvatarShadow.m; sourceTree = "<group>"; };
		94000DF21607997300E432DD /* BufferAvatarView.h */ = {isa = PBXFileReference; fileEncoding = 4; lastKnownFileType = sourcecode.c.h; path = BufferAvatarView.h; sourceTree = "<group>"; };
		94000DF31607997300E432DD /* BufferAvatarView.m */ = {isa = PBXFileReference; fileEncoding = 4; lastKnownFileType = sourcecode.c.objc; path = BufferAvatarView.m; sourceTree = "<group>"; };
		94000DFF1608605600E432DD /* BufferSheetTextView.h */ = {isa = PBXFileReference; fileEncoding = 4; lastKnownFileType = sourcecode.c.h; path = BufferSheetTextView.h; sourceTree = "<group>"; };
		94000E001608605700E432DD /* BufferSheetTextView.m */ = {isa = PBXFileReference; fileEncoding = 4; lastKnownFileType = sourcecode.c.objc; path = BufferSheetTextView.m; sourceTree = "<group>"; };
		940E1BDA163E8D570073A563 /* BufferSheetProfileCount.h */ = {isa = PBXFileReference; fileEncoding = 4; lastKnownFileType = sourcecode.c.h; path = BufferSheetProfileCount.h; sourceTree = "<group>"; };
		940E1BDB163E8D570073A563 /* BufferSheetProfileCount.m */ = {isa = PBXFileReference; fileEncoding = 4; lastKnownFileType = sourcecode.c.objc; path = BufferSheetProfileCount.m; sourceTree = "<group>"; };
		940E1BDE163E8E2F0073A563 /* BufferProfileCountBG.png */ = {isa = PBXFileReference; lastKnownFileType = image.png; path = BufferProfileCountBG.png; sourceTree = "<group>"; };
		940E1BDF163E8E2F0073A563 /* BufferProfileCountBG@2x.png */ = {isa = PBXFileReference; lastKnownFileType = image.png; path = "BufferProfileCountBG@2x.png"; sourceTree = "<group>"; };
		9433560416355C2A00017BCE /* ShortenLinkService.h */ = {isa = PBXFileReference; fileEncoding = 4; lastKnownFileType = sourcecode.c.h; path = ShortenLinkService.h; sourceTree = "<group>"; };
		9433560516355C2A00017BCE /* ShortenLinkService.m */ = {isa = PBXFileReference; fileEncoding = 4; lastKnownFileType = sourcecode.c.objc; path = ShortenLinkService.m; sourceTree = "<group>"; };
		943F0DB21622F7F60039C224 /* ConfigurationService.h */ = {isa = PBXFileReference; fileEncoding = 4; lastKnownFileType = sourcecode.c.h; path = ConfigurationService.h; sourceTree = "<group>"; };
		943F0DB31622F7F60039C224 /* ConfigurationService.m */ = {isa = PBXFileReference; fileEncoding = 4; lastKnownFileType = sourcecode.c.objc; path = ConfigurationService.m; sourceTree = "<group>"; };
		94457771158A908A004C3B2E /* BufferUIActivity.app */ = {isa = PBXFileReference; explicitFileType = wrapper.application; includeInIndex = 0; path = BufferUIActivity.app; sourceTree = BUILT_PRODUCTS_DIR; };
		94457775158A908A004C3B2E /* UIKit.framework */ = {isa = PBXFileReference; lastKnownFileType = wrapper.framework; name = UIKit.framework; path = System/Library/Frameworks/UIKit.framework; sourceTree = SDKROOT; };
		94457777158A908A004C3B2E /* Foundation.framework */ = {isa = PBXFileReference; lastKnownFileType = wrapper.framework; name = Foundation.framework; path = System/Library/Frameworks/Foundation.framework; sourceTree = SDKROOT; };
		94457779158A908A004C3B2E /* CoreGraphics.framework */ = {isa = PBXFileReference; lastKnownFileType = wrapper.framework; name = CoreGraphics.framework; path = System/Library/Frameworks/CoreGraphics.framework; sourceTree = SDKROOT; };
		9445777D158A908A004C3B2E /* BufferUIActivity-Info.plist */ = {isa = PBXFileReference; lastKnownFileType = text.plist.xml; path = "BufferUIActivity-Info.plist"; sourceTree = "<group>"; };
		9445777F158A908A004C3B2E /* en */ = {isa = PBXFileReference; lastKnownFileType = text.plist.strings; name = en; path = en.lproj/InfoPlist.strings; sourceTree = "<group>"; };
		94457781158A908A004C3B2E /* main.m */ = {isa = PBXFileReference; lastKnownFileType = sourcecode.c.objc; path = main.m; sourceTree = "<group>"; };
		94457783158A908A004C3B2E /* BufferUIActivity-Prefix.pch */ = {isa = PBXFileReference; lastKnownFileType = sourcecode.c.h; path = "BufferUIActivity-Prefix.pch"; sourceTree = "<group>"; };
		94457784158A908A004C3B2E /* AppDelegate.h */ = {isa = PBXFileReference; lastKnownFileType = sourcecode.c.h; path = AppDelegate.h; sourceTree = "<group>"; };
		94457785158A908A004C3B2E /* AppDelegate.m */ = {isa = PBXFileReference; lastKnownFileType = sourcecode.c.objc; path = AppDelegate.m; sourceTree = "<group>"; };
		94457787158A908A004C3B2E /* FirstViewController.h */ = {isa = PBXFileReference; lastKnownFileType = sourcecode.c.h; name = FirstViewController.h; path = Views/FirstViewController.h; sourceTree = "<group>"; };
		94457788158A908A004C3B2E /* FirstViewController.m */ = {isa = PBXFileReference; lastKnownFileType = sourcecode.c.objc; name = FirstViewController.m; path = Views/FirstViewController.m; sourceTree = "<group>"; };
		9445778A158A908A004C3B2E /* first.png */ = {isa = PBXFileReference; lastKnownFileType = image.png; name = first.png; path = Views/first.png; sourceTree = "<group>"; };
		9445778C158A908A004C3B2E /* first@2x.png */ = {isa = PBXFileReference; lastKnownFileType = image.png; name = "first@2x.png"; path = "Views/first@2x.png"; sourceTree = "<group>"; };
		9445778E158A908A004C3B2E /* SecondViewController.h */ = {isa = PBXFileReference; lastKnownFileType = sourcecode.c.h; name = SecondViewController.h; path = Views/SecondViewController.h; sourceTree = "<group>"; };
		9445778F158A908A004C3B2E /* SecondViewController.m */ = {isa = PBXFileReference; lastKnownFileType = sourcecode.c.objc; name = SecondViewController.m; path = Views/SecondViewController.m; sourceTree = "<group>"; };
		94457791158A908A004C3B2E /* second.png */ = {isa = PBXFileReference; lastKnownFileType = image.png; name = second.png; path = Views/second.png; sourceTree = "<group>"; };
		94457793158A908A004C3B2E /* second@2x.png */ = {isa = PBXFileReference; lastKnownFileType = image.png; name = "second@2x.png"; path = "Views/second@2x.png"; sourceTree = "<group>"; };
		94457796158A908A004C3B2E /* en */ = {isa = PBXFileReference; lastKnownFileType = file.xib; name = en; path = en.lproj/FirstViewController_iPhone.xib; sourceTree = "<group>"; };
		94457799158A908A004C3B2E /* en */ = {isa = PBXFileReference; lastKnownFileType = file.xib; name = en; path = en.lproj/FirstViewController_iPad.xib; sourceTree = "<group>"; };
		9445779C158A908A004C3B2E /* en */ = {isa = PBXFileReference; lastKnownFileType = file.xib; name = en; path = en.lproj/SecondViewController_iPhone.xib; sourceTree = "<group>"; };
		9445779F158A908A004C3B2E /* en */ = {isa = PBXFileReference; lastKnownFileType = file.xib; name = en; path = en.lproj/SecondViewController_iPad.xib; sourceTree = "<group>"; };
		944577A7158A949A004C3B2E /* BufferUIActivity.h */ = {isa = PBXFileReference; fileEncoding = 4; lastKnownFileType = sourcecode.c.h; path = BufferUIActivity.h; sourceTree = "<group>"; };
		944577A8158A949A004C3B2E /* BufferUIActivity.m */ = {isa = PBXFileReference; fileEncoding = 4; lastKnownFileType = sourcecode.c.objc; path = BufferUIActivity.m; sourceTree = "<group>"; };
		944577AC158A96DD004C3B2E /* BufferIcon.png */ = {isa = PBXFileReference; lastKnownFileType = image.png; path = BufferIcon.png; sourceTree = "<group>"; };
		944577B1158AB178004C3B2E /* BufferSheetViewController.h */ = {isa = PBXFileReference; fileEncoding = 4; lastKnownFileType = sourcecode.c.h; path = BufferSheetViewController.h; sourceTree = "<group>"; };
		944577B2158AB178004C3B2E /* BufferSheetViewController.m */ = {isa = PBXFileReference; fileEncoding = 4; lastKnownFileType = sourcecode.c.objc; path = BufferSheetViewController.m; sourceTree = "<group>"; };
		944577B3158AB178004C3B2E /* BufferSheetViewController.xib */ = {isa = PBXFileReference; fileEncoding = 4; lastKnownFileType = file.xib; path = BufferSheetViewController.xib; sourceTree = "<group>"; };
		94457967158AB32B004C3B2E /* ProfilesService.h */ = {isa = PBXFileReference; lastKnownFileType = sourcecode.c.h; path = ProfilesService.h; sourceTree = "<group>"; };
		94457968158AB32B004C3B2E /* ProfilesService.m */ = {isa = PBXFileReference; lastKnownFileType = sourcecode.c.objc; path = ProfilesService.m; sourceTree = "<group>"; };
		9445796A158AB345004C3B2E /* PostUpdateService.h */ = {isa = PBXFileReference; lastKnownFileType = sourcecode.c.h; path = PostUpdateService.h; sourceTree = "<group>"; };
		9445796B158AB345004C3B2E /* PostUpdateService.m */ = {isa = PBXFileReference; lastKnownFileType = sourcecode.c.objc; path = PostUpdateService.m; sourceTree = "<group>"; };
		9445796D158AB367004C3B2E /* BufferAPIClient.h */ = {isa = PBXFileReference; lastKnownFileType = sourcecode.c.h; path = BufferAPIClient.h; sourceTree = "<group>"; };
		9445796E158AB367004C3B2E /* BufferAPIClient.m */ = {isa = PBXFileReference; lastKnownFileType = sourcecode.c.objc; path = BufferAPIClient.m; sourceTree = "<group>"; };
		9445796F158AB371004C3B2E /* BufferAPIPostClient.h */ = {isa = PBXFileReference; lastKnownFileType = sourcecode.c.h; path = BufferAPIPostClient.h; sourceTree = "<group>"; };
		94457970158AB371004C3B2E /* BufferAPIPostClient.m */ = {isa = PBXFileReference; lastKnownFileType = sourcecode.c.objc; path = BufferAPIPostClient.m; sourceTree = "<group>"; };
		94457988158AB5E7004C3B2E /* NSString+Encode.h */ = {isa = PBXFileReference; lastKnownFileType = sourcecode.c.h; path = "NSString+Encode.h"; sourceTree = "<group>"; };
		94457989158AB5E7004C3B2E /* NSString+Encode.m */ = {isa = PBXFileReference; lastKnownFileType = sourcecode.c.objc; path = "NSString+Encode.m"; sourceTree = "<group>"; };
		9478851315FC8E9B00F360D9 /* ProfileCell.h */ = {isa = PBXFileReference; fileEncoding = 4; lastKnownFileType = sourcecode.c.h; path = ProfileCell.h; sourceTree = "<group>"; };
		9478851415FC8E9B00F360D9 /* ProfileCell.m */ = {isa = PBXFileReference; fileEncoding = 4; lastKnownFileType = sourcecode.c.objc; path = ProfileCell.m; sourceTree = "<group>"; };
		9478851515FC8E9B00F360D9 /* ProfileCellView.h */ = {isa = PBXFileReference; fileEncoding = 4; lastKnownFileType = sourcecode.c.h; path = ProfileCellView.h; sourceTree = "<group>"; };
		9478851615FC8E9B00F360D9 /* ProfileCellView.m */ = {isa = PBXFileReference; fileEncoding = 4; lastKnownFileType = sourcecode.c.objc; path = ProfileCellView.m; sourceTree = "<group>"; };
		9478851C15FCA42C00F360D9 /* CachingMethods.h */ = {isa = PBXFileReference; fileEncoding = 4; lastKnownFileType = sourcecode.c.h; path = CachingMethods.h; sourceTree = "<group>"; };
		9478851D15FCA42D00F360D9 /* CachingMethods.m */ = {isa = PBXFileReference; fileEncoding = 4; lastKnownFileType = sourcecode.c.objc; path = CachingMethods.m; sourceTree = "<group>"; };
		9478851F15FCCF2600F360D9 /* BufferIcon@2x.png */ = {isa = PBXFileReference; lastKnownFileType = image.png; path = "BufferIcon@2x.png"; sourceTree = "<group>"; };
		9478852115FCD60500F360D9 /* toolbar-profiles.png */ = {isa = PBXFileReference; lastKnownFileType = image.png; path = "toolbar-profiles.png"; sourceTree = "<group>"; };
		9478852215FCD60500F360D9 /* toolbar-profiles@2x.png */ = {isa = PBXFileReference; lastKnownFileType = image.png; path = "toolbar-profiles@2x.png"; sourceTree = "<group>"; };
		9478855B15FF269800F360D9 /* GTMOAuth2Authentication.h */ = {isa = PBXFileReference; fileEncoding = 4; lastKnownFileType = sourcecode.c.h; path = GTMOAuth2Authentication.h; sourceTree = "<group>"; };
		9478855C15FF269800F360D9 /* GTMOAuth2Authentication.m */ = {isa = PBXFileReference; fileEncoding = 4; lastKnownFileType = sourcecode.c.objc; path = GTMOAuth2Authentication.m; sourceTree = "<group>"; };
		9478855D15FF269800F360D9 /* GTMOAuth2SignIn.h */ = {isa = PBXFileReference; fileEncoding = 4; lastKnownFileType = sourcecode.c.h; path = GTMOAuth2SignIn.h; sourceTree = "<group>"; };
		9478855E15FF269800F360D9 /* GTMOAuth2SignIn.m */ = {isa = PBXFileReference; fileEncoding = 4; lastKnownFileType = sourcecode.c.objc; path = GTMOAuth2SignIn.m; sourceTree = "<group>"; };
		9478856115FF26A400F360D9 /* GTMOAuth2ViewControllerTouch.h */ = {isa = PBXFileReference; fileEncoding = 4; lastKnownFileType = sourcecode.c.h; path = GTMOAuth2ViewControllerTouch.h; sourceTree = "<group>"; };
		9478856215FF26A400F360D9 /* GTMOAuth2ViewControllerTouch.m */ = {isa = PBXFileReference; fileEncoding = 4; lastKnownFileType = sourcecode.c.objc; path = GTMOAuth2ViewControllerTouch.m; sourceTree = "<group>"; };
		9478856315FF26A400F360D9 /* GTMOAuth2ViewTouch.xib */ = {isa = PBXFileReference; fileEncoding = 4; lastKnownFileType = file.xib; path = GTMOAuth2ViewTouch.xib; sourceTree = "<group>"; };
		9478856A15FF282A00F360D9 /* GTMHTTPFetcher.h */ = {isa = PBXFileReference; fileEncoding = 4; lastKnownFileType = sourcecode.c.h; path = GTMHTTPFetcher.h; sourceTree = "<group>"; };
		9478856B15FF282A00F360D9 /* GTMHTTPFetcher.m */ = {isa = PBXFileReference; fileEncoding = 4; lastKnownFileType = sourcecode.c.objc; path = GTMHTTPFetcher.m; sourceTree = "<group>"; };
		9478856C15FF282A00F360D9 /* GTMHTTPFetchHistory.h */ = {isa = PBXFileReference; fileEncoding = 4; lastKnownFileType = sourcecode.c.h; path = GTMHTTPFetchHistory.h; sourceTree = "<group>"; };
		9478856D15FF282A00F360D9 /* GTMHTTPFetchHistory.m */ = {isa = PBXFileReference; fileEncoding = 4; lastKnownFileType = sourcecode.c.objc; path = GTMHTTPFetchHistory.m; sourceTree = "<group>"; };
		9478856E15FF282A00F360D9 /* GTMHTTPFetcherLogging.h */ = {isa = PBXFileReference; fileEncoding = 4; lastKnownFileType = sourcecode.c.h; path = GTMHTTPFetcherLogging.h; sourceTree = "<group>"; };
		9478856F15FF282A00F360D9 /* GTMHTTPFetcherLogging.m */ = {isa = PBXFileReference; fileEncoding = 4; lastKnownFileType = sourcecode.c.objc; path = GTMHTTPFetcherLogging.m; sourceTree = "<group>"; };
		9478857315FF289400F360D9 /* SystemConfiguration.framework */ = {isa = PBXFileReference; lastKnownFileType = wrapper.framework; name = SystemConfiguration.framework; path = System/Library/Frameworks/SystemConfiguration.framework; sourceTree = SDKROOT; };
		9478857515FF28A100F360D9 /* Security.framework */ = {isa = PBXFileReference; lastKnownFileType = wrapper.framework; name = Security.framework; path = System/Library/Frameworks/Security.framework; sourceTree = SDKROOT; };
		947AF0A215E67888009466EB /* appdotnet-icon.png */ = {isa = PBXFileReference; lastKnownFileType = image.png; path = "appdotnet-icon.png"; sourceTree = "<group>"; };
		947AF0A315E67888009466EB /* appdotnet-icon@2x.png */ = {isa = PBXFileReference; lastKnownFileType = image.png; path = "appdotnet-icon@2x.png"; sourceTree = "<group>"; };
		947AF0A415E67888009466EB /* facebook-icon.png */ = {isa = PBXFileReference; lastKnownFileType = image.png; path = "facebook-icon.png"; sourceTree = "<group>"; };
		947AF0A515E67888009466EB /* facebook-icon@2x.png */ = {isa = PBXFileReference; lastKnownFileType = image.png; path = "facebook-icon@2x.png"; sourceTree = "<group>"; };
		947AF0A615E67888009466EB /* linkedin-icon.png */ = {isa = PBXFileReference; lastKnownFileType = image.png; path = "linkedin-icon.png"; sourceTree = "<group>"; };
		947AF0A715E67888009466EB /* linkedin-icon@2x.png */ = {isa = PBXFileReference; lastKnownFileType = image.png; path = "linkedin-icon@2x.png"; sourceTree = "<group>"; };
		947AF0A815E67888009466EB /* twitter-icon.png */ = {isa = PBXFileReference; lastKnownFileType = image.png; path = "twitter-icon.png"; sourceTree = "<group>"; };
		947AF0A915E67888009466EB /* twitter-icon@2x.png */ = {isa = PBXFileReference; lastKnownFileType = image.png; path = "twitter-icon@2x.png"; sourceTree = "<group>"; };
		94B496CA1608BED1002B19D5 /* profileCheckmark.png */ = {isa = PBXFileReference; lastKnownFileType = image.png; path = profileCheckmark.png; sourceTree = "<group>"; };
		94B496CB1608BED1002B19D5 /* profileCheckmark@2x.png */ = {isa = PBXFileReference; lastKnownFileType = image.png; path = "profileCheckmark@2x.png"; sourceTree = "<group>"; };
		94B496CF1608C197002B19D5 /* BufferSheetProfileSelectionGradient.png */ = {isa = PBXFileReference; lastKnownFileType = image.png; path = BufferSheetProfileSelectionGradient.png; sourceTree = "<group>"; };
		94B496D01608C197002B19D5 /* BufferSheetProfileSelectionGradient@2x.png */ = {isa = PBXFileReference; lastKnownFileType = image.png; path = "BufferSheetProfileSelectionGradient@2x.png"; sourceTree = "<group>"; };
		94B496D316090E88002B19D5 /* BufferSheetButtonSelected@2x.png */ = {isa = PBXFileReference; lastKnownFileType = image.png; path = "BufferSheetButtonSelected@2x.png"; sourceTree = "<group>"; };
		94B496D416090E88002B19D5 /* BufferSheetButtonSelected.png */ = {isa = PBXFileReference; lastKnownFileType = image.png; path = BufferSheetButtonSelected.png; sourceTree = "<group>"; };
		94B496D71609DD2D002B19D5 /* BufferSheetGreenButtonSelected@2x.png */ = {isa = PBXFileReference; lastKnownFileType = image.png; name = "BufferSheetGreenButtonSelected@2x.png"; path = "../Elements/BufferSheetGreenButtonSelected@2x.png"; sourceTree = "<group>"; };
		94B496D81609DD2E002B19D5 /* BufferSheetGreenButton@2x.png */ = {isa = PBXFileReference; lastKnownFileType = image.png; name = "BufferSheetGreenButton@2x.png"; path = "../Elements/BufferSheetGreenButton@2x.png"; sourceTree = "<group>"; };
		94B496D91609DD2F002B19D5 /* BufferSheetGreenButtonSelected.png */ = {isa = PBXFileReference; lastKnownFileType = image.png; name = BufferSheetGreenButtonSelected.png; path = ../Elements/BufferSheetGreenButtonSelected.png; sourceTree = "<group>"; };
		94B496DA1609DD2F002B19D5 /* BufferSheetGreenButton.png */ = {isa = PBXFileReference; lastKnownFileType = image.png; name = BufferSheetGreenButton.png; path = ../Elements/BufferSheetGreenButton.png; sourceTree = "<group>"; };
		94B496DF1609E04E002B19D5 /* Default-568h@2x.png */ = {isa = PBXFileReference; lastKnownFileType = image.png; path = "Default-568h@2x.png"; sourceTree = "<group>"; };
		94B496EA1609F2A1002B19D5 /* BufferSheetErrorBackground.h */ = {isa = PBXFileReference; fileEncoding = 4; lastKnownFileType = sourcecode.c.h; path = BufferSheetErrorBackground.h; sourceTree = "<group>"; };
		94B496EB1609F2A1002B19D5 /* BufferSheetErrorBackground.m */ = {isa = PBXFileReference; fileEncoding = 4; lastKnownFileType = sourcecode.c.objc; path = BufferSheetErrorBackground.m; sourceTree = "<group>"; };
		94B496ED160A0A25002B19D5 /* AFHTTPClient.h */ = {isa = PBXFileReference; fileEncoding = 4; lastKnownFileType = sourcecode.c.h; path = AFHTTPClient.h; sourceTree = "<group>"; };
		94B496EE160A0A25002B19D5 /* AFHTTPClient.m */ = {isa = PBXFileReference; fileEncoding = 4; lastKnownFileType = sourcecode.c.objc; path = AFHTTPClient.m; sourceTree = "<group>"; };
		94B496EF160A0A25002B19D5 /* AFHTTPRequestOperation.h */ = {isa = PBXFileReference; fileEncoding = 4; lastKnownFileType = sourcecode.c.h; path = AFHTTPRequestOperation.h; sourceTree = "<group>"; };
		94B496F0160A0A25002B19D5 /* AFHTTPRequestOperation.m */ = {isa = PBXFileReference; fileEncoding = 4; lastKnownFileType = sourcecode.c.objc; path = AFHTTPRequestOperation.m; sourceTree = "<group>"; };
		94B496F1160A0A25002B19D5 /* AFImageRequestOperation.h */ = {isa = PBXFileReference; fileEncoding = 4; lastKnownFileType = sourcecode.c.h; path = AFImageRequestOperation.h; sourceTree = "<group>"; };
		94B496F2160A0A25002B19D5 /* AFImageRequestOperation.m */ = {isa = PBXFileReference; fileEncoding = 4; lastKnownFileType = sourcecode.c.objc; path = AFImageRequestOperation.m; sourceTree = "<group>"; };
		94B496F3160A0A25002B19D5 /* AFJSONRequestOperation.h */ = {isa = PBXFileReference; fileEncoding = 4; lastKnownFileType = sourcecode.c.h; path = AFJSONRequestOperation.h; sourceTree = "<group>"; };
		94B496F4160A0A25002B19D5 /* AFJSONRequestOperation.m */ = {isa = PBXFileReference; fileEncoding = 4; lastKnownFileType = sourcecode.c.objc; path = AFJSONRequestOperation.m; sourceTree = "<group>"; };
		94B496F5160A0A25002B19D5 /* AFJSONUtilities.h */ = {isa = PBXFileReference; fileEncoding = 4; lastKnownFileType = sourcecode.c.h; path = AFJSONUtilities.h; sourceTree = "<group>"; };
		94B496F6160A0A25002B19D5 /* AFJSONUtilities.m */ = {isa = PBXFileReference; fileEncoding = 4; lastKnownFileType = sourcecode.c.objc; path = AFJSONUtilities.m; sourceTree = "<group>"; };
		94B496F7160A0A25002B19D5 /* AFNetworkActivityIndicatorManager.h */ = {isa = PBXFileReference; fileEncoding = 4; lastKnownFileType = sourcecode.c.h; path = AFNetworkActivityIndicatorManager.h; sourceTree = "<group>"; };
		94B496F8160A0A25002B19D5 /* AFNetworkActivityIndicatorManager.m */ = {isa = PBXFileReference; fileEncoding = 4; lastKnownFileType = sourcecode.c.objc; path = AFNetworkActivityIndicatorManager.m; sourceTree = "<group>"; };
		94B496F9160A0A25002B19D5 /* AFNetworking.h */ = {isa = PBXFileReference; fileEncoding = 4; lastKnownFileType = sourcecode.c.h; path = AFNetworking.h; sourceTree = "<group>"; };
		94B496FA160A0A25002B19D5 /* AFPropertyListRequestOperation.h */ = {isa = PBXFileReference; fileEncoding = 4; lastKnownFileType = sourcecode.c.h; path = AFPropertyListRequestOperation.h; sourceTree = "<group>"; };
		94B496FB160A0A25002B19D5 /* AFPropertyListRequestOperation.m */ = {isa = PBXFileReference; fileEncoding = 4; lastKnownFileType = sourcecode.c.objc; path = AFPropertyListRequestOperation.m; sourceTree = "<group>"; };
		94B496FC160A0A25002B19D5 /* AFURLConnectionOperation.h */ = {isa = PBXFileReference; fileEncoding = 4; lastKnownFileType = sourcecode.c.h; path = AFURLConnectionOperation.h; sourceTree = "<group>"; };
		94B496FD160A0A25002B19D5 /* AFURLConnectionOperation.m */ = {isa = PBXFileReference; fileEncoding = 4; lastKnownFileType = sourcecode.c.objc; path = AFURLConnectionOperation.m; sourceTree = "<group>"; };
		94B496FE160A0A25002B19D5 /* AFXMLRequestOperation.h */ = {isa = PBXFileReference; fileEncoding = 4; lastKnownFileType = sourcecode.c.h; path = AFXMLRequestOperation.h; sourceTree = "<group>"; };
		94B496FF160A0A25002B19D5 /* AFXMLRequestOperation.m */ = {isa = PBXFileReference; fileEncoding = 4; lastKnownFileType = sourcecode.c.objc; path = AFXMLRequestOperation.m; sourceTree = "<group>"; };
		94B49700160A0A25002B19D5 /* UIImageView+AFNetworking.h */ = {isa = PBXFileReference; fileEncoding = 4; lastKnownFileType = sourcecode.c.h; path = "UIImageView+AFNetworking.h"; sourceTree = "<group>"; };
		94B49701160A0A25002B19D5 /* UIImageView+AFNetworking.m */ = {isa = PBXFileReference; fileEncoding = 4; lastKnownFileType = sourcecode.c.objc; path = "UIImageView+AFNetworking.m"; sourceTree = "<group>"; };
		94EEE1D515C7F7FA00EF1AEC /* TwitterText.h */ = {isa = PBXFileReference; fileEncoding = 4; lastKnownFileType = sourcecode.c.h; path = TwitterText.h; sourceTree = "<group>"; };
		94EEE1D615C7F7FA00EF1AEC /* TwitterTextEntity.m */ = {isa = PBXFileReference; fileEncoding = 4; lastKnownFileType = sourcecode.c.objc; path = TwitterTextEntity.m; sourceTree = "<group>"; };
		94EEE1D715C7F7FA00EF1AEC /* TwitterText.m */ = {isa = PBXFileReference; fileEncoding = 4; lastKnownFileType = sourcecode.c.objc; path = TwitterText.m; sourceTree = "<group>"; };
		94EEE1D815C7F7FA00EF1AEC /* TwitterTextEntity.h */ = {isa = PBXFileReference; fileEncoding = 4; lastKnownFileType = sourcecode.c.h; path = TwitterTextEntity.h; sourceTree = "<group>"; };
/* End PBXFileReference section */

/* Begin PBXFrameworksBuildPhase section */
		9445776E158A908A004C3B2E /* Frameworks */ = {
			isa = PBXFrameworksBuildPhase;
			buildActionMask = 2147483647;
			files = (
				9478857615FF28A100F360D9 /* Security.framework in Frameworks */,
				9478857415FF289400F360D9 /* SystemConfiguration.framework in Frameworks */,
				94457776158A908A004C3B2E /* UIKit.framework in Frameworks */,
				94457778158A908A004C3B2E /* Foundation.framework in Frameworks */,
				9445777A158A908A004C3B2E /* CoreGraphics.framework in Frameworks */,
			);
			runOnlyForDeploymentPostprocessing = 0;
		};
/* End PBXFrameworksBuildPhase section */

/* Begin PBXGroup section */
		94000DCE160750C100E432DD /* Elements */ = {
			isa = PBXGroup;
			children = (
				94000DCF1607551100E432DD /* BufferSheetBackground.h */,
				94000DD01607551100E432DD /* BufferSheetBackground.m */,
				94000DD616076DF900E432DD /* BufferSheetButton.h */,
				94000DD716076DF900E432DD /* BufferSheetButton.m */,
				94000DEF1607990F00E432DD /* BufferAvatarShadow.h */,
				94000DF01607990F00E432DD /* BufferAvatarShadow.m */,
				94000DF21607997300E432DD /* BufferAvatarView.h */,
				94000DF31607997300E432DD /* BufferAvatarView.m */,
				94000DFF1608605600E432DD /* BufferSheetTextView.h */,
				94000E001608605700E432DD /* BufferSheetTextView.m */,
				9478851115FC8E8A00F360D9 /* Cells */,
				94B496EA1609F2A1002B19D5 /* BufferSheetErrorBackground.h */,
				94B496EB1609F2A1002B19D5 /* BufferSheetErrorBackground.m */,
				940E1BDA163E8D570073A563 /* BufferSheetProfileCount.h */,
				940E1BDB163E8D570073A563 /* BufferSheetProfileCount.m */,
			);
			path = Elements;
			sourceTree = "<group>";
		};
		94000DFB16084FBF00E432DD /* Views */ = {
			isa = PBXGroup;
			children = (
				94457784158A908A004C3B2E /* AppDelegate.h */,
				94457785158A908A004C3B2E /* AppDelegate.m */,
				94457787158A908A004C3B2E /* FirstViewController.h */,
				94457788158A908A004C3B2E /* FirstViewController.m */,
				9445778A158A908A004C3B2E /* first.png */,
				9445778C158A908A004C3B2E /* first@2x.png */,
				9445778E158A908A004C3B2E /* SecondViewController.h */,
				9445778F158A908A004C3B2E /* SecondViewController.m */,
				94457791158A908A004C3B2E /* second.png */,
				94457793158A908A004C3B2E /* second@2x.png */,
				94457795158A908A004C3B2E /* FirstViewController_iPhone.xib */,
				94457798158A908A004C3B2E /* FirstViewController_iPad.xib */,
				9445779B158A908A004C3B2E /* SecondViewController_iPhone.xib */,
				9445779E158A908A004C3B2E /* SecondViewController_iPad.xib */,
			);
			name = Views;
			sourceTree = "<group>";
		};
		9433560216355C1500017BCE /* Shortening */ = {
			isa = PBXGroup;
			children = (
				9433560416355C2A00017BCE /* ShortenLinkService.h */,
				9433560516355C2A00017BCE /* ShortenLinkService.m */,
			);
			name = Shortening;
			sourceTree = "<group>";
		};
		943F0DB61622F7FE0039C224 /* Configuration */ = {
			isa = PBXGroup;
			children = (
				943F0DB21622F7F60039C224 /* ConfigurationService.h */,
				943F0DB31622F7F60039C224 /* ConfigurationService.m */,
			);
			name = Configuration;
			sourceTree = "<group>";
		};
		94457766158A908A004C3B2E = {
			isa = PBXGroup;
			children = (
				94B496DF1609E04E002B19D5 /* Default-568h@2x.png */,
				9445777B158A908A004C3B2E /* Buffer Activity Sheet */,
				94457774158A908A004C3B2E /* Frameworks */,
				94457772158A908A004C3B2E /* Products */,
			);
			sourceTree = "<group>";
		};
		94457772158A908A004C3B2E /* Products */ = {
			isa = PBXGroup;
			children = (
				94457771158A908A004C3B2E /* BufferUIActivity.app */,
			);
			name = Products;
			sourceTree = "<group>";
		};
		94457774158A908A004C3B2E /* Frameworks */ = {
			isa = PBXGroup;
			children = (
				9478857515FF28A100F360D9 /* Security.framework */,
				9478857315FF289400F360D9 /* SystemConfiguration.framework */,
				94457775158A908A004C3B2E /* UIKit.framework */,
				94457777158A908A004C3B2E /* Foundation.framework */,
				94457779158A908A004C3B2E /* CoreGraphics.framework */,
			);
			name = Frameworks;
			sourceTree = "<group>";
		};
		9445777B158A908A004C3B2E /* Buffer Activity Sheet */ = {
			isa = PBXGroup;
			children = (
				944577A6158A90BA004C3B2E /* BufferUIActivity */,
				94000DFB16084FBF00E432DD /* Views */,
				9445777C158A908A004C3B2E /* Supporting Files */,
			);
			name = "Buffer Activity Sheet";
			path = BufferUIActivity;
			sourceTree = "<group>";
		};
		9445777C158A908A004C3B2E /* Supporting Files */ = {
			isa = PBXGroup;
			children = (
				9445777D158A908A004C3B2E /* BufferUIActivity-Info.plist */,
				9445777E158A908A004C3B2E /* InfoPlist.strings */,
				94457781158A908A004C3B2E /* main.m */,
				94457783158A908A004C3B2E /* BufferUIActivity-Prefix.pch */,
			);
			name = "Supporting Files";
			sourceTree = "<group>";
		};
		944577A6158A90BA004C3B2E /* BufferUIActivity */ = {
			isa = PBXGroup;
			children = (
				944577A7158A949A004C3B2E /* BufferUIActivity.h */,
				944577A8158A949A004C3B2E /* BufferUIActivity.m */,
				944577B0158AB157004C3B2E /* Buffer Sheet */,
				94457962158AB2FD004C3B2E /* Services */,
				9445798F158BAAC4004C3B2E /* Images */,
				94457986158AB59E004C3B2E /* Dependencies */,
			);
			name = BufferUIActivity;
			sourceTree = "<group>";
		};
		944577B0158AB157004C3B2E /* Buffer Sheet */ = {
			isa = PBXGroup;
			children = (
				944577B1158AB178004C3B2E /* BufferSheetViewController.h */,
				944577B2158AB178004C3B2E /* BufferSheetViewController.m */,
				944577B3158AB178004C3B2E /* BufferSheetViewController.xib */,
				94000DCE160750C100E432DD /* Elements */,
			);
			name = "Buffer Sheet";
			sourceTree = "<group>";
		};
		9445794C158AB2CE004C3B2E /* AFNetworking */ = {
			isa = PBXGroup;
			children = (
				94B496ED160A0A25002B19D5 /* AFHTTPClient.h */,
				94B496EE160A0A25002B19D5 /* AFHTTPClient.m */,
				94B496EF160A0A25002B19D5 /* AFHTTPRequestOperation.h */,
				94B496F0160A0A25002B19D5 /* AFHTTPRequestOperation.m */,
				94B496F1160A0A25002B19D5 /* AFImageRequestOperation.h */,
				94B496F2160A0A25002B19D5 /* AFImageRequestOperation.m */,
				94B496F3160A0A25002B19D5 /* AFJSONRequestOperation.h */,
				94B496F4160A0A25002B19D5 /* AFJSONRequestOperation.m */,
				94B496F5160A0A25002B19D5 /* AFJSONUtilities.h */,
				94B496F6160A0A25002B19D5 /* AFJSONUtilities.m */,
				94B496F7160A0A25002B19D5 /* AFNetworkActivityIndicatorManager.h */,
				94B496F8160A0A25002B19D5 /* AFNetworkActivityIndicatorManager.m */,
				94B496F9160A0A25002B19D5 /* AFNetworking.h */,
				94B496FA160A0A25002B19D5 /* AFPropertyListRequestOperation.h */,
				94B496FB160A0A25002B19D5 /* AFPropertyListRequestOperation.m */,
				94B496FC160A0A25002B19D5 /* AFURLConnectionOperation.h */,
				94B496FD160A0A25002B19D5 /* AFURLConnectionOperation.m */,
				94B496FE160A0A25002B19D5 /* AFXMLRequestOperation.h */,
				94B496FF160A0A25002B19D5 /* AFXMLRequestOperation.m */,
				94B49700160A0A25002B19D5 /* UIImageView+AFNetworking.h */,
				94B49701160A0A25002B19D5 /* UIImageView+AFNetworking.m */,
			);
			name = AFNetworking;
			sourceTree = "<group>";
		};
		94457962158AB2FD004C3B2E /* Services */ = {
			isa = PBXGroup;
			children = (
				9478851C15FCA42C00F360D9 /* CachingMethods.h */,
				9478851D15FCA42D00F360D9 /* CachingMethods.m */,
				9445796C158AB354004C3B2E /* Client */,
				94457966158AB31E004C3B2E /* Profiles */,
				94457969158AB33B004C3B2E /* Post Update */,
				943F0DB61622F7FE0039C224 /* Configuration */,
				9433560216355C1500017BCE /* Shortening */,
			);
			path = Services;
			sourceTree = "<group>";
		};
		94457966158AB31E004C3B2E /* Profiles */ = {
			isa = PBXGroup;
			children = (
				94457967158AB32B004C3B2E /* ProfilesService.h */,
				94457968158AB32B004C3B2E /* ProfilesService.m */,
			);
			name = Profiles;
			sourceTree = "<group>";
		};
		94457969158AB33B004C3B2E /* Post Update */ = {
			isa = PBXGroup;
			children = (
				9445796A158AB345004C3B2E /* PostUpdateService.h */,
				9445796B158AB345004C3B2E /* PostUpdateService.m */,
			);
			name = "Post Update";
			sourceTree = "<group>";
		};
		9445796C158AB354004C3B2E /* Client */ = {
			isa = PBXGroup;
			children = (
				9445796D158AB367004C3B2E /* BufferAPIClient.h */,
				9445796E158AB367004C3B2E /* BufferAPIClient.m */,
				9445796F158AB371004C3B2E /* BufferAPIPostClient.h */,
				94457970158AB371004C3B2E /* BufferAPIPostClient.m */,
			);
			name = Client;
			sourceTree = "<group>";
		};
		94457986158AB59E004C3B2E /* Dependencies */ = {
			isa = PBXGroup;
			children = (
				9478855A15FF267E00F360D9 /* GTMOAuth2 */,
				94EEE1D315C7F7DC00EF1AEC /* TwitterText */,
				94457987158AB5DA004C3B2E /* NSString Encode */,
				9445794C158AB2CE004C3B2E /* AFNetworking */,
			);
			path = Dependencies;
			sourceTree = "<group>";
		};
		94457987158AB5DA004C3B2E /* NSString Encode */ = {
			isa = PBXGroup;
			children = (
				94457988158AB5E7004C3B2E /* NSString+Encode.h */,
				94457989158AB5E7004C3B2E /* NSString+Encode.m */,
			);
			name = "NSString Encode";
			sourceTree = "<group>";
		};
		9445798F158BAAC4004C3B2E /* Images */ = {
			isa = PBXGroup;
			children = (
				940E1BDE163E8E2F0073A563 /* BufferProfileCountBG.png */,
				940E1BDF163E8E2F0073A563 /* BufferProfileCountBG@2x.png */,
				94000DDD160770E200E432DD /* BufferSheetLogo.png */,
				94000DDE160770E200E432DD /* BufferSheetLogo@2x.png */,
				94000DE11607717B00E432DD /* BufferSheetButton.png */,
				94000DE21607717B00E432DD /* BufferSheetButton@2x.png */,
				94B496D71609DD2D002B19D5 /* BufferSheetGreenButtonSelected@2x.png */,
				94B496D81609DD2E002B19D5 /* BufferSheetGreenButton@2x.png */,
				94B496D91609DD2F002B19D5 /* BufferSheetGreenButtonSelected.png */,
				94B496DA1609DD2F002B19D5 /* BufferSheetGreenButton.png */,
				94000DE51607738400E432DD /* BufferSheetBackground.png */,
				94000DE61607738400E432DD /* BufferSheetBackground@2x.png */,
				94000DE91607978F00E432DD /* BufferSheetLine@2x.png */,
				94000DEA1607978F00E432DD /* BufferSheetLine.png */,
				94B496D316090E88002B19D5 /* BufferSheetButtonSelected@2x.png */,
				94B496D416090E88002B19D5 /* BufferSheetButtonSelected.png */,
				94B496CF1608C197002B19D5 /* BufferSheetProfileSelectionGradient.png */,
				94B496D01608C197002B19D5 /* BufferSheetProfileSelectionGradient@2x.png */,
				94B496CA1608BED1002B19D5 /* profileCheckmark.png */,
				94B496CB1608BED1002B19D5 /* profileCheckmark@2x.png */,
				944577AC158A96DD004C3B2E /* BufferIcon.png */,
				9478851F15FCCF2600F360D9 /* BufferIcon@2x.png */,
				9478852115FCD60500F360D9 /* toolbar-profiles.png */,
				9478852215FCD60500F360D9 /* toolbar-profiles@2x.png */,
				947AF0A215E67888009466EB /* appdotnet-icon.png */,
				947AF0A315E67888009466EB /* appdotnet-icon@2x.png */,
				947AF0A415E67888009466EB /* facebook-icon.png */,
				947AF0A515E67888009466EB /* facebook-icon@2x.png */,
				947AF0A615E67888009466EB /* linkedin-icon.png */,
				947AF0A715E67888009466EB /* linkedin-icon@2x.png */,
				947AF0A815E67888009466EB /* twitter-icon.png */,
				947AF0A915E67888009466EB /* twitter-icon@2x.png */,
			);
			path = Images;
			sourceTree = "<group>";
		};
		9478851115FC8E8A00F360D9 /* Cells */ = {
			isa = PBXGroup;
			children = (
				9478851315FC8E9B00F360D9 /* ProfileCell.h */,
				9478851415FC8E9B00F360D9 /* ProfileCell.m */,
				9478851515FC8E9B00F360D9 /* ProfileCellView.h */,
				9478851615FC8E9B00F360D9 /* ProfileCellView.m */,
			);
			path = Cells;
			sourceTree = "<group>";
		};
		9478855A15FF267E00F360D9 /* GTMOAuth2 */ = {
			isa = PBXGroup;
			children = (
				9478856915FF281900F360D9 /* HTTPFetcher */,
				9478855B15FF269800F360D9 /* GTMOAuth2Authentication.h */,
				9478855C15FF269800F360D9 /* GTMOAuth2Authentication.m */,
				9478855D15FF269800F360D9 /* GTMOAuth2SignIn.h */,
				9478855E15FF269800F360D9 /* GTMOAuth2SignIn.m */,
				9478856115FF26A400F360D9 /* GTMOAuth2ViewControllerTouch.h */,
				9478856215FF26A400F360D9 /* GTMOAuth2ViewControllerTouch.m */,
				9478856315FF26A400F360D9 /* GTMOAuth2ViewTouch.xib */,
			);
			name = GTMOAuth2;
			sourceTree = "<group>";
		};
		9478856915FF281900F360D9 /* HTTPFetcher */ = {
			isa = PBXGroup;
			children = (
				9478856A15FF282A00F360D9 /* GTMHTTPFetcher.h */,
				9478856B15FF282A00F360D9 /* GTMHTTPFetcher.m */,
				9478856C15FF282A00F360D9 /* GTMHTTPFetchHistory.h */,
				9478856D15FF282A00F360D9 /* GTMHTTPFetchHistory.m */,
				9478856E15FF282A00F360D9 /* GTMHTTPFetcherLogging.h */,
				9478856F15FF282A00F360D9 /* GTMHTTPFetcherLogging.m */,
			);
			name = HTTPFetcher;
			sourceTree = "<group>";
		};
		94EEE1D315C7F7DC00EF1AEC /* TwitterText */ = {
			isa = PBXGroup;
			children = (
				94EEE1D515C7F7FA00EF1AEC /* TwitterText.h */,
				94EEE1D615C7F7FA00EF1AEC /* TwitterTextEntity.m */,
				94EEE1D715C7F7FA00EF1AEC /* TwitterText.m */,
				94EEE1D815C7F7FA00EF1AEC /* TwitterTextEntity.h */,
			);
			name = TwitterText;
			sourceTree = "<group>";
		};
/* End PBXGroup section */

/* Begin PBXNativeTarget section */
		94457770158A908A004C3B2E /* BufferUIActivity */ = {
			isa = PBXNativeTarget;
			buildConfigurationList = 944577A3158A908A004C3B2E /* Build configuration list for PBXNativeTarget "BufferUIActivity" */;
			buildPhases = (
				9445776D158A908A004C3B2E /* Sources */,
				9445776E158A908A004C3B2E /* Frameworks */,
				9445776F158A908A004C3B2E /* Resources */,
			);
			buildRules = (
			);
			dependencies = (
			);
			name = BufferUIActivity;
			productName = BufferUIActivity;
			productReference = 94457771158A908A004C3B2E /* BufferUIActivity.app */;
			productType = "com.apple.product-type.application";
		};
/* End PBXNativeTarget section */

/* Begin PBXProject section */
		94457768158A908A004C3B2E /* Project object */ = {
			isa = PBXProject;
			attributes = {
				LastUpgradeCheck = 0450;
				ORGANIZATIONNAME = "Andrew Yates";
			};
			buildConfigurationList = 9445776B158A908A004C3B2E /* Build configuration list for PBXProject "BufferUIActivity" */;
			compatibilityVersion = "Xcode 3.2";
			developmentRegion = English;
			hasScannedForEncodings = 0;
			knownRegions = (
				en,
			);
			mainGroup = 94457766158A908A004C3B2E;
			productRefGroup = 94457772158A908A004C3B2E /* Products */;
			projectDirPath = "";
			projectRoot = "";
			targets = (
				94457770158A908A004C3B2E /* BufferUIActivity */,
			);
		};
/* End PBXProject section */

/* Begin PBXResourcesBuildPhase section */
		9445776F158A908A004C3B2E /* Resources */ = {
			isa = PBXResourcesBuildPhase;
			buildActionMask = 2147483647;
			files = (
				94457780158A908A004C3B2E /* InfoPlist.strings in Resources */,
				9445778B158A908A004C3B2E /* first.png in Resources */,
				9445778D158A908A004C3B2E /* first@2x.png in Resources */,
				94457792158A908A004C3B2E /* second.png in Resources */,
				94457794158A908A004C3B2E /* second@2x.png in Resources */,
				94457797158A908A004C3B2E /* FirstViewController_iPhone.xib in Resources */,
				9445779A158A908A004C3B2E /* FirstViewController_iPad.xib in Resources */,
				9445779D158A908A004C3B2E /* SecondViewController_iPhone.xib in Resources */,
				944577A0158A908A004C3B2E /* SecondViewController_iPad.xib in Resources */,
				944577AE158A96DD004C3B2E /* BufferIcon.png in Resources */,
				944577B5158AB178004C3B2E /* BufferSheetViewController.xib in Resources */,
				947AF0AA15E67888009466EB /* appdotnet-icon.png in Resources */,
				947AF0AB15E67888009466EB /* appdotnet-icon@2x.png in Resources */,
				947AF0AC15E67888009466EB /* facebook-icon.png in Resources */,
				947AF0AD15E67888009466EB /* facebook-icon@2x.png in Resources */,
				947AF0AE15E67888009466EB /* linkedin-icon.png in Resources */,
				947AF0AF15E67888009466EB /* linkedin-icon@2x.png in Resources */,
				947AF0B015E67888009466EB /* twitter-icon.png in Resources */,
				947AF0B115E67888009466EB /* twitter-icon@2x.png in Resources */,
				9478852015FCCF2800F360D9 /* BufferIcon@2x.png in Resources */,
				9478852315FCD60600F360D9 /* toolbar-profiles.png in Resources */,
				9478852415FCD60600F360D9 /* toolbar-profiles@2x.png in Resources */,
				9478856515FF26A400F360D9 /* GTMOAuth2ViewTouch.xib in Resources */,
				94000DDF160770E200E432DD /* BufferSheetLogo.png in Resources */,
				94000DE0160770E200E432DD /* BufferSheetLogo@2x.png in Resources */,
				94000DE31607717B00E432DD /* BufferSheetButton.png in Resources */,
				94000DE41607717B00E432DD /* BufferSheetButton@2x.png in Resources */,
				94000DE71607738400E432DD /* BufferSheetBackground.png in Resources */,
				94000DE81607738400E432DD /* BufferSheetBackground@2x.png in Resources */,
				94000DEB1607978F00E432DD /* BufferSheetLine@2x.png in Resources */,
				94000DEC1607978F00E432DD /* BufferSheetLine.png in Resources */,
				94B496CC1608BED1002B19D5 /* profileCheckmark.png in Resources */,
				94B496CD1608BED1002B19D5 /* profileCheckmark@2x.png in Resources */,
				94B496D11608C197002B19D5 /* BufferSheetProfileSelectionGradient.png in Resources */,
				94B496D21608C197002B19D5 /* BufferSheetProfileSelectionGradient@2x.png in Resources */,
				94B496D516090E88002B19D5 /* BufferSheetButtonSelected@2x.png in Resources */,
				94B496D616090E88002B19D5 /* BufferSheetButtonSelected.png in Resources */,
				94B496DB1609DD30002B19D5 /* BufferSheetGreenButtonSelected@2x.png in Resources */,
				94B496DC1609DD30002B19D5 /* BufferSheetGreenButton@2x.png in Resources */,
				94B496DD1609DD30002B19D5 /* BufferSheetGreenButtonSelected.png in Resources */,
				94B496DE1609DD30002B19D5 /* BufferSheetGreenButton.png in Resources */,
				94B496E01609E04E002B19D5 /* Default-568h@2x.png in Resources */,
				940E1BE0163E8E2F0073A563 /* BufferProfileCountBG.png in Resources */,
				940E1BE1163E8E2F0073A563 /* BufferProfileCountBG@2x.png in Resources */,
			);
			runOnlyForDeploymentPostprocessing = 0;
		};
/* End PBXResourcesBuildPhase section */

/* Begin PBXSourcesBuildPhase section */
		9445776D158A908A004C3B2E /* Sources */ = {
			isa = PBXSourcesBuildPhase;
			buildActionMask = 2147483647;
			files = (
				94457782158A908A004C3B2E /* main.m in Sources */,
				94457786158A908A004C3B2E /* AppDelegate.m in Sources */,
				94457789158A908A004C3B2E /* FirstViewController.m in Sources */,
				94457790158A908A004C3B2E /* SecondViewController.m in Sources */,
				944577A9158A949A004C3B2E /* BufferUIActivity.m in Sources */,
				944577B4158AB178004C3B2E /* BufferSheetViewController.m in Sources */,
				94457977158AB52D004C3B2E /* BufferAPIPostClient.m in Sources */,
				94457978158AB531004C3B2E /* BufferAPIClient.m in Sources */,
				94457979158AB533004C3B2E /* ProfilesService.m in Sources */,
				9445797A158AB535004C3B2E /* PostUpdateService.m in Sources */,
				9445798E158AB600004C3B2E /* NSString+Encode.m in Sources */,
				94EEE1D915C7F7FA00EF1AEC /* TwitterTextEntity.m in Sources */,
				94EEE1DA15C7F7FA00EF1AEC /* TwitterText.m in Sources */,
				9478851715FC8E9B00F360D9 /* ProfileCell.m in Sources */,
				9478851815FC8E9B00F360D9 /* ProfileCellView.m in Sources */,
				9478851E15FCA42D00F360D9 /* CachingMethods.m in Sources */,
				9478855F15FF269800F360D9 /* GTMOAuth2Authentication.m in Sources */,
				9478856015FF269800F360D9 /* GTMOAuth2SignIn.m in Sources */,
				9478856415FF26A400F360D9 /* GTMOAuth2ViewControllerTouch.m in Sources */,
				9478857015FF282A00F360D9 /* GTMHTTPFetcher.m in Sources */,
				9478857115FF282A00F360D9 /* GTMHTTPFetchHistory.m in Sources */,
				9478857215FF282A00F360D9 /* GTMHTTPFetcherLogging.m in Sources */,
				94000DD11607551100E432DD /* BufferSheetBackground.m in Sources */,
				94000DD816076DF900E432DD /* BufferSheetButton.m in Sources */,
				94000DF11607990F00E432DD /* BufferAvatarShadow.m in Sources */,
				94000DF41607997300E432DD /* BufferAvatarView.m in Sources */,
				94000E011608605800E432DD /* BufferSheetTextView.m in Sources */,
				94B496EC1609F2A1002B19D5 /* BufferSheetErrorBackground.m in Sources */,
				94B49702160A0A25002B19D5 /* AFHTTPClient.m in Sources */,
				94B49703160A0A25002B19D5 /* AFHTTPRequestOperation.m in Sources */,
				94B49704160A0A25002B19D5 /* AFImageRequestOperation.m in Sources */,
				94B49705160A0A25002B19D5 /* AFJSONRequestOperation.m in Sources */,
				94B49706160A0A25002B19D5 /* AFJSONUtilities.m in Sources */,
				94B49707160A0A25002B19D5 /* AFNetworkActivityIndicatorManager.m in Sources */,
				94B49708160A0A25002B19D5 /* AFPropertyListRequestOperation.m in Sources */,
				94B49709160A0A25002B19D5 /* AFURLConnectionOperation.m in Sources */,
				94B4970A160A0A25002B19D5 /* AFXMLRequestOperation.m in Sources */,
				94B4970B160A0A25002B19D5 /* UIImageView+AFNetworking.m in Sources */,
				943F0DB41622F7F60039C224 /* ConfigurationService.m in Sources */,
				9433560616355C2A00017BCE /* ShortenLinkService.m in Sources */,
				940E1BDC163E8D570073A563 /* BufferSheetProfileCount.m in Sources */,
			);
			runOnlyForDeploymentPostprocessing = 0;
		};
/* End PBXSourcesBuildPhase section */

/* Begin PBXVariantGroup section */
		9445777E158A908A004C3B2E /* InfoPlist.strings */ = {
			isa = PBXVariantGroup;
			children = (
				9445777F158A908A004C3B2E /* en */,
			);
			name = InfoPlist.strings;
			sourceTree = "<group>";
		};
		94457795158A908A004C3B2E /* FirstViewController_iPhone.xib */ = {
			isa = PBXVariantGroup;
			children = (
				94457796158A908A004C3B2E /* en */,
			);
			name = FirstViewController_iPhone.xib;
			sourceTree = "<group>";
		};
		94457798158A908A004C3B2E /* FirstViewController_iPad.xib */ = {
			isa = PBXVariantGroup;
			children = (
				94457799158A908A004C3B2E /* en */,
			);
			name = FirstViewController_iPad.xib;
			sourceTree = "<group>";
		};
		9445779B158A908A004C3B2E /* SecondViewController_iPhone.xib */ = {
			isa = PBXVariantGroup;
			children = (
				9445779C158A908A004C3B2E /* en */,
			);
			name = SecondViewController_iPhone.xib;
			sourceTree = "<group>";
		};
		9445779E158A908A004C3B2E /* SecondViewController_iPad.xib */ = {
			isa = PBXVariantGroup;
			children = (
				9445779F158A908A004C3B2E /* en */,
			);
			name = SecondViewController_iPad.xib;
			sourceTree = "<group>";
		};
/* End PBXVariantGroup section */

/* Begin XCBuildConfiguration section */
		944577A1158A908A004C3B2E /* Debug */ = {
			isa = XCBuildConfiguration;
			buildSettings = {
				ALWAYS_SEARCH_USER_PATHS = NO;
				CLANG_CXX_LANGUAGE_STANDARD = "gnu++0x";
				CLANG_ENABLE_OBJC_ARC = YES;
				CLANG_WARN__DUPLICATE_METHOD_MATCH = YES;
				"CODE_SIGN_IDENTITY[sdk=iphoneos*]" = "iPhone Developer";
				COPY_PHASE_STRIP = NO;
				GCC_C_LANGUAGE_STANDARD = gnu99;
				GCC_DYNAMIC_NO_PIC = NO;
				GCC_OPTIMIZATION_LEVEL = 0;
				GCC_PREPROCESSOR_DEFINITIONS = (
					"DEBUG=1",
					"$(inherited)",
				);
				GCC_SYMBOLS_PRIVATE_EXTERN = NO;
				GCC_WARN_ABOUT_RETURN_TYPE = YES;
				GCC_WARN_UNINITIALIZED_AUTOS = YES;
				GCC_WARN_UNUSED_VARIABLE = YES;
				IPHONEOS_DEPLOYMENT_TARGET = 6.0;
				SDKROOT = iphoneos;
				TARGETED_DEVICE_FAMILY = "1,2";
			};
			name = Debug;
		};
		944577A2158A908A004C3B2E /* Release */ = {
			isa = XCBuildConfiguration;
			buildSettings = {
				ALWAYS_SEARCH_USER_PATHS = NO;
				CLANG_CXX_LANGUAGE_STANDARD = "gnu++0x";
				CLANG_ENABLE_OBJC_ARC = YES;
				CLANG_WARN__DUPLICATE_METHOD_MATCH = YES;
				"CODE_SIGN_IDENTITY[sdk=iphoneos*]" = "iPhone Developer";
				COPY_PHASE_STRIP = YES;
				GCC_C_LANGUAGE_STANDARD = gnu99;
				GCC_WARN_ABOUT_RETURN_TYPE = YES;
				GCC_WARN_UNINITIALIZED_AUTOS = YES;
				GCC_WARN_UNUSED_VARIABLE = YES;
				IPHONEOS_DEPLOYMENT_TARGET = 6.0;
				OTHER_CFLAGS = "-DNS_BLOCK_ASSERTIONS=1";
				SDKROOT = iphoneos;
				TARGETED_DEVICE_FAMILY = "1,2";
				VALIDATE_PRODUCT = YES;
			};
			name = Release;
		};
		944577A4158A908A004C3B2E /* Debug */ = {
			isa = XCBuildConfiguration;
			buildSettings = {
				CODE_SIGN_IDENTITY = "iPhone Developer";
				"CODE_SIGN_IDENTITY[sdk=iphoneos*]" = "iPhone Developer";
				GCC_PRECOMPILE_PREFIX_HEADER = YES;
				GCC_PREFIX_HEADER = "BufferUIActivity/BufferUIActivity-Prefix.pch";
				INFOPLIST_FILE = "BufferUIActivity/BufferUIActivity-Info.plist";
				IPHONEOS_DEPLOYMENT_TARGET = 4.3;
				PRODUCT_NAME = "$(TARGET_NAME)";
				PROVISIONING_PROFILE = "";
				"PROVISIONING_PROFILE[sdk=iphoneos*]" = "";
				WRAPPER_EXTENSION = app;
			};
			name = Debug;
		};
		944577A5158A908A004C3B2E /* Release */ = {
			isa = XCBuildConfiguration;
			buildSettings = {
				CODE_SIGN_IDENTITY = "iPhone Distribution: Buffer, Inc.";
				"CODE_SIGN_IDENTITY[sdk=iphoneos*]" = "iPhone Distribution: Buffer, Inc.";
				GCC_PRECOMPILE_PREFIX_HEADER = YES;
				GCC_PREFIX_HEADER = "BufferUIActivity/BufferUIActivity-Prefix.pch";
				INFOPLIST_FILE = "BufferUIActivity/BufferUIActivity-Info.plist";
				IPHONEOS_DEPLOYMENT_TARGET = 4.3;
				PRODUCT_NAME = "$(TARGET_NAME)";
				PROVISIONING_PROFILE = "0848DAAD-9097-408D-8B8B-6BF780C31371";
				"PROVISIONING_PROFILE[sdk=iphoneos*]" = "0848DAAD-9097-408D-8B8B-6BF780C31371";
				WRAPPER_EXTENSION = app;
			};
			name = Release;
		};
/* End XCBuildConfiguration section */

/* Begin XCConfigurationList section */
		9445776B158A908A004C3B2E /* Build configuration list for PBXProject "BufferUIActivity" */ = {
			isa = XCConfigurationList;
			buildConfigurations = (
				944577A1158A908A004C3B2E /* Debug */,
				944577A2158A908A004C3B2E /* Release */,
			);
			defaultConfigurationIsVisible = 0;
			defaultConfigurationName = Release;
		};
		944577A3158A908A004C3B2E /* Build configuration list for PBXNativeTarget "BufferUIActivity" */ = {
			isa = XCConfigurationList;
			buildConfigurations = (
				944577A4158A908A004C3B2E /* Debug */,
				944577A5158A908A004C3B2E /* Release */,
			);
			defaultConfigurationIsVisible = 0;
			defaultConfigurationName = Release;
		};
/* End XCConfigurationList section */
	};
	rootObject = 94457768158A908A004C3B2E /* Project object */;
}
